
Microsoft Visual Studio Solution File, Format Version 12.00
# Visual Studio Version 16
VisualStudioVersion = 16.0.32002.261
MinimumVisualStudioVersion = 10.0.40219.1
Project("{FAE04EC0-301F-11D3-BF4B-00C04F79EFBC}") = "WindowsFormsApp1", "WindowsFormsApp1\WindowsFormsApp1.csproj", "{2AA2CBF3-71ED-46F2-AFAA-226A1032CD21}"
EndProject
Global
	GlobalSection(SolutionConfigurationPlatforms) = preSolution
		Debug|Any CPU = Debug|Any CPU
		Release|Any CPU = Release|Any CPU
	EndGlobalSection
	GlobalSection(ProjectConfigurationPlatforms) = postSolution
		{2AA2CBF3-71ED-46F2-AFAA-226A1032CD21}.Debug|Any CPU.ActiveCfg = Debug|Any CPU
		{2AA2CBF3-71ED-46F2-AFAA-226A1032CD21}.Debug|Any CPU.Build.0 = Debug|Any CPU
		{2AA2CBF3-71ED-46F2-AFAA-226A1032CD21}.Release|Any CPU.ActiveCfg = Release|Any CPU
		{2AA2CBF3-71ED-46F2-AFAA-226A1032CD21}.Release|Any CPU.Build.0 = Release|Any CPU
	EndGlobalSection
	GlobalSection(SolutionProperties) = preSolution
		HideSolutionNode = FALSE
	EndGlobalSection
	GlobalSection(ExtensibilityGlobals) = postSolution
		SolutionGuid = {E0A461B6-7921-4C50-B636-F0240EDEDF45}
	EndGlobalSection
EndGlobal
